
Microsoft Visual Studio Solution File, Format Version 12.00
# Visual Studio Version 16
VisualStudioVersion = 16.0.31129.286
MinimumVisualStudioVersion = 10.0.40219.1
Project("{2150E333-8FDC-42A3-9474-1A3956D46DE8}") = "src", "src", "{D68F2D2A-7872-4353-A517-B8D0EF0DEFB8}"
EndProject
Project("{2150E333-8FDC-42A3-9474-1A3956D46DE8}") = "Core", "Core", "{338D23D3-9EA8-4522-98F1-33D52FAF1A70}"
EndProject
Project("{2150E333-8FDC-42A3-9474-1A3956D46DE8}") = "Infrastructure", "Infrastructure", "{63E423DB-143B-46A3-BCF4-CC5DC59FCDFC}"
EndProject
Project("{2150E333-8FDC-42A3-9474-1A3956D46DE8}") = "test", "test", "{B6D15695-FAF3-4C4C-AE08-E0FCADB1E2AC}"
EndProject
Project("{2150E333-8FDC-42A3-9474-1A3956D46DE8}") = "Api", "Api", "{34184AE9-8BD9-4E3E-9D72-8B497FEAC95A}"
EndProject
Project("{2150E333-8FDC-42A3-9474-1A3956D46DE8}") = "UI", "UI", "{EDD47450-CB6A-4CDE-B65E-DA6802C71443}"
EndProject
Project("{9A19103F-16F7-4668-BE54-9A1E7A4F7556}") = "CodeCamp.Conference.Domain", "CodeCamp.Conference.Domain\CodeCamp.Conference.Domain.csproj", "{8DDF386C-5215-47AB-9ABC-866EAD6ADD53}"
EndProject
Project("{9A19103F-16F7-4668-BE54-9A1E7A4F7556}") = "CodeCamp.Conference.Application", "CodeCamp.Conference.Application\CodeCamp.Conference.Application.csproj", "{99571242-A1FE-41B5-9E9C-54B5ECBA86C8}"
EndProject
Project("{9A19103F-16F7-4668-BE54-9A1E7A4F7556}") = "CodeCamp.Conference.Persistence", "CodeCamp.Conference.Persistence\CodeCamp.Conference.Persistence.csproj", "{0D5CCE37-C653-4B78-95C6-0096351A58C7}"
EndProject
Project("{9A19103F-16F7-4668-BE54-9A1E7A4F7556}") = "CodeCamp.Conference.Infrastructure", "CodeCamp.Conference.Infrastructure\CodeCamp.Conference.Infrastructure.csproj", "{8483ABD4-5834-41E1-B47F-75619EAEF119}"
EndProject
Project("{9A19103F-16F7-4668-BE54-9A1E7A4F7556}") = "CodeCamp.Conference.Api", "CodeCamp.Conference.Api\CodeCamp.Conference.Api.csproj", "{32FEF67D-F9AF-41E2-A822-CAB17060182E}"
EndProject
Project("{9A19103F-16F7-4668-BE54-9A1E7A4F7556}") = "CodeCamp.Conference.Identity", "CodeCamp.Conference.Identity\CodeCamp.Conference.Identity.csproj", "{1860EC25-AA95-4702-AA1E-E266918DEEBF}"
EndProject
Project("{9A19103F-16F7-4668-BE54-9A1E7A4F7556}") = "CodeCamp.Conference.UI", "CodeCamp.Conference.UI\CodeCamp.Conference.UI.csproj", "{9AA20A01-9DB6-444B-9297-349C68AFE6C7}"
EndProject
Global
	GlobalSection(SolutionConfigurationPlatforms) = preSolution
		Debug|Any CPU = Debug|Any CPU
		Release|Any CPU = Release|Any CPU
	EndGlobalSection
	GlobalSection(ProjectConfigurationPlatforms) = postSolution
		{8DDF386C-5215-47AB-9ABC-866EAD6ADD53}.Debug|Any CPU.ActiveCfg = Debug|Any CPU
		{8DDF386C-5215-47AB-9ABC-866EAD6ADD53}.Debug|Any CPU.Build.0 = Debug|Any CPU
		{8DDF386C-5215-47AB-9ABC-866EAD6ADD53}.Release|Any CPU.ActiveCfg = Release|Any CPU
		{8DDF386C-5215-47AB-9ABC-866EAD6ADD53}.Release|Any CPU.Build.0 = Release|Any CPU
		{99571242-A1FE-41B5-9E9C-54B5ECBA86C8}.Debug|Any CPU.ActiveCfg = Debug|Any CPU
		{99571242-A1FE-41B5-9E9C-54B5ECBA86C8}.Debug|Any CPU.Build.0 = Debug|Any CPU
		{99571242-A1FE-41B5-9E9C-54B5ECBA86C8}.Release|Any CPU.ActiveCfg = Release|Any CPU
		{99571242-A1FE-41B5-9E9C-54B5ECBA86C8}.Release|Any CPU.Build.0 = Release|Any CPU
		{0D5CCE37-C653-4B78-95C6-0096351A58C7}.Debug|Any CPU.ActiveCfg = Debug|Any CPU
		{0D5CCE37-C653-4B78-95C6-0096351A58C7}.Debug|Any CPU.Build.0 = Debug|Any CPU
		{0D5CCE37-C653-4B78-95C6-0096351A58C7}.Release|Any CPU.ActiveCfg = Release|Any CPU
		{0D5CCE37-C653-4B78-95C6-0096351A58C7}.Release|Any CPU.Build.0 = Release|Any CPU
		{8483ABD4-5834-41E1-B47F-75619EAEF119}.Debug|Any CPU.ActiveCfg = Debug|Any CPU
		{8483ABD4-5834-41E1-B47F-75619EAEF119}.Debug|Any CPU.Build.0 = Debug|Any CPU
		{8483ABD4-5834-41E1-B47F-75619EAEF119}.Release|Any CPU.ActiveCfg = Release|Any CPU
		{8483ABD4-5834-41E1-B47F-75619EAEF119}.Release|Any CPU.Build.0 = Release|Any CPU
		{32FEF67D-F9AF-41E2-A822-CAB17060182E}.Debug|Any CPU.ActiveCfg = Debug|Any CPU
		{32FEF67D-F9AF-41E2-A822-CAB17060182E}.Debug|Any CPU.Build.0 = Debug|Any CPU
		{32FEF67D-F9AF-41E2-A822-CAB17060182E}.Release|Any CPU.ActiveCfg = Release|Any CPU
		{32FEF67D-F9AF-41E2-A822-CAB17060182E}.Release|Any CPU.Build.0 = Release|Any CPU
		{1860EC25-AA95-4702-AA1E-E266918DEEBF}.Debug|Any CPU.ActiveCfg = Debug|Any CPU
		{1860EC25-AA95-4702-AA1E-E266918DEEBF}.Debug|Any CPU.Build.0 = Debug|Any CPU
		{1860EC25-AA95-4702-AA1E-E266918DEEBF}.Release|Any CPU.ActiveCfg = Release|Any CPU
		{1860EC25-AA95-4702-AA1E-E266918DEEBF}.Release|Any CPU.Build.0 = Release|Any CPU
		{9AA20A01-9DB6-444B-9297-349C68AFE6C7}.Debug|Any CPU.ActiveCfg = Debug|Any CPU
		{9AA20A01-9DB6-444B-9297-349C68AFE6C7}.Debug|Any CPU.Build.0 = Debug|Any CPU
		{9AA20A01-9DB6-444B-9297-349C68AFE6C7}.Release|Any CPU.ActiveCfg = Release|Any CPU
		{9AA20A01-9DB6-444B-9297-349C68AFE6C7}.Release|Any CPU.Build.0 = Release|Any CPU
	EndGlobalSection
	GlobalSection(SolutionProperties) = preSolution
		HideSolutionNode = FALSE
	EndGlobalSection
	GlobalSection(NestedProjects) = preSolution
		{338D23D3-9EA8-4522-98F1-33D52FAF1A70} = {D68F2D2A-7872-4353-A517-B8D0EF0DEFB8}
		{63E423DB-143B-46A3-BCF4-CC5DC59FCDFC} = {D68F2D2A-7872-4353-A517-B8D0EF0DEFB8}
		{34184AE9-8BD9-4E3E-9D72-8B497FEAC95A} = {D68F2D2A-7872-4353-A517-B8D0EF0DEFB8}
		{EDD47450-CB6A-4CDE-B65E-DA6802C71443} = {D68F2D2A-7872-4353-A517-B8D0EF0DEFB8}
		{8DDF386C-5215-47AB-9ABC-866EAD6ADD53} = {338D23D3-9EA8-4522-98F1-33D52FAF1A70}
		{99571242-A1FE-41B5-9E9C-54B5ECBA86C8} = {338D23D3-9EA8-4522-98F1-33D52FAF1A70}
		{0D5CCE37-C653-4B78-95C6-0096351A58C7} = {63E423DB-143B-46A3-BCF4-CC5DC59FCDFC}
		{8483ABD4-5834-41E1-B47F-75619EAEF119} = {63E423DB-143B-46A3-BCF4-CC5DC59FCDFC}
		{32FEF67D-F9AF-41E2-A822-CAB17060182E} = {34184AE9-8BD9-4E3E-9D72-8B497FEAC95A}
		{1860EC25-AA95-4702-AA1E-E266918DEEBF} = {63E423DB-143B-46A3-BCF4-CC5DC59FCDFC}
		{9AA20A01-9DB6-444B-9297-349C68AFE6C7} = {EDD47450-CB6A-4CDE-B65E-DA6802C71443}
	EndGlobalSection
	GlobalSection(ExtensibilityGlobals) = postSolution
		SolutionGuid = {8846B2FC-481E-445E-BE49-7DA181F913F6}
	EndGlobalSection
EndGlobal
